// !$*UTF8*$!
{
	archiveVersion = 1;
	classes = {
	};
	objectVersion = 46;
	objects = {

/* Begin PBXBuildFile section */
		1FD92A6EB3359ADE7772D9EE /* Pods_AlertViewControllerSample.framework in Frameworks */ = {isa = PBXBuildFile; fileRef = F25A5433A8575950D625F9A4 /* Pods_AlertViewControllerSample.framework */; };
		24D14E4804ECEDFF0BEAC766 /* Pods_AlertViewControllerSampleUITests.framework in Frameworks */ = {isa = PBXBuildFile; fileRef = 842747EBA4238E90E53F8F88 /* Pods_AlertViewControllerSampleUITests.framework */; };
		7561768B1E2DFDC300611A4A /* AppDelegate.swift in Sources */ = {isa = PBXBuildFile; fileRef = 7561768A1E2DFDC300611A4A /* AppDelegate.swift */; };
		7561768D1E2DFDC300611A4A /* ViewController.swift in Sources */ = {isa = PBXBuildFile; fileRef = 7561768C1E2DFDC300611A4A /* ViewController.swift */; };
		756176901E2DFDC300611A4A /* Main.storyboard in Resources */ = {isa = PBXBuildFile; fileRef = 7561768E1E2DFDC300611A4A /* Main.storyboard */; };
		756176921E2DFDC300611A4A /* Assets.xcassets in Resources */ = {isa = PBXBuildFile; fileRef = 756176911E2DFDC300611A4A /* Assets.xcassets */; };
		756176951E2DFDC300611A4A /* LaunchScreen.storyboard in Resources */ = {isa = PBXBuildFile; fileRef = 756176931E2DFDC300611A4A /* LaunchScreen.storyboard */; };
		756176A01E2DFDC400611A4A /* AlertViewControllerSampleTests.swift in Sources */ = {isa = PBXBuildFile; fileRef = 7561769F1E2DFDC400611A4A /* AlertViewControllerSampleTests.swift */; };
		756176AB1E2DFDC400611A4A /* AlertViewControllerSampleUITests.swift in Sources */ = {isa = PBXBuildFile; fileRef = 756176AA1E2DFDC400611A4A /* AlertViewControllerSampleUITests.swift */; };
		756176C21E2E04AB00611A4A /* SourceSansPro-Black.ttf in Resources */ = {isa = PBXBuildFile; fileRef = 756176B81E2E04AB00611A4A /* SourceSansPro-Black.ttf */; };
		756176C31E2E04AB00611A4A /* SourceSansPro-Bold.ttf in Resources */ = {isa = PBXBuildFile; fileRef = 756176B91E2E04AB00611A4A /* SourceSansPro-Bold.ttf */; };
		756176C41E2E04AB00611A4A /* SourceSansPro-ExtraLight.ttf in Resources */ = {isa = PBXBuildFile; fileRef = 756176BA1E2E04AB00611A4A /* SourceSansPro-ExtraLight.ttf */; };
		756176C51E2E04AB00611A4A /* SourceSansPro-Semibold.ttf in Resources */ = {isa = PBXBuildFile; fileRef = 756176BB1E2E04AB00611A4A /* SourceSansPro-Semibold.ttf */; };
		756176C61E2E04AB00611A4A /* SourceSansPro-Light.ttf in Resources */ = {isa = PBXBuildFile; fileRef = 756176BC1E2E04AB00611A4A /* SourceSansPro-Light.ttf */; };
		756176C71E2E04AB00611A4A /* SourceSansPro-Regular.ttf in Resources */ = {isa = PBXBuildFile; fileRef = 756176BD1E2E04AB00611A4A /* SourceSansPro-Regular.ttf */; };
		756176C81E2E04AB00611A4A /* BNazanin_1.ttf in Resources */ = {isa = PBXBuildFile; fileRef = 756176BE1E2E04AB00611A4A /* BNazanin_1.ttf */; };
		756176C91E2E04AB00611A4A /* BNaznnBd_1.ttf in Resources */ = {isa = PBXBuildFile; fileRef = 756176BF1E2E04AB00611A4A /* BNaznnBd_1.ttf */; };
		756176CA1E2E04AB00611A4A /* AdobeArabic-Bold.otf in Resources */ = {isa = PBXBuildFile; fileRef = 756176C01E2E04AB00611A4A /* AdobeArabic-Bold.otf */; };
		756176CB1E2E04AB00611A4A /* AdobeArabic-Regular.otf in Resources */ = {isa = PBXBuildFile; fileRef = 756176C11E2E04AB00611A4A /* AdobeArabic-Regular.otf */; };
		78B7253D55C2716D557FB845 /* Pods_AlertViewControllerSampleTests.framework in Frameworks */ = {isa = PBXBuildFile; fileRef = C40A2E6BEC1C9E8C2C4AFFE2 /* Pods_AlertViewControllerSampleTests.framework */; };
/* End PBXBuildFile section */

/* Begin PBXContainerItemProxy section */
		7561769C1E2DFDC400611A4A /* PBXContainerItemProxy */ = {
			isa = PBXContainerItemProxy;
			containerPortal = 7561767F1E2DFDC300611A4A /* Project object */;
			proxyType = 1;
			remoteGlobalIDString = 756176861E2DFDC300611A4A;
			remoteInfo = AlertViewControllerSample;
		};
		756176A71E2DFDC400611A4A /* PBXContainerItemProxy */ = {
			isa = PBXContainerItemProxy;
			containerPortal = 7561767F1E2DFDC300611A4A /* Project object */;
			proxyType = 1;
			remoteGlobalIDString = 756176861E2DFDC300611A4A;
			remoteInfo = AlertViewControllerSample;
		};
/* End PBXContainerItemProxy section */

/* Begin PBXFileReference section */
		205676ECEC3F932E4D64D81F /* Pods-AlertViewControllerSampleUITests.release.xcconfig */ = {isa = PBXFileReference; includeInIndex = 1; lastKnownFileType = text.xcconfig; name = "Pods-AlertViewControllerSampleUITests.release.xcconfig"; path = "Pods/Target Support Files/Pods-AlertViewControllerSampleUITests/Pods-AlertViewControllerSampleUITests.release.xcconfig"; sourceTree = "<group>"; };
		756176871E2DFDC300611A4A /* AlertViewControllerSample.app */ = {isa = PBXFileReference; explicitFileType = wrapper.application; includeInIndex = 0; path = AlertViewControllerSample.app; sourceTree = BUILT_PRODUCTS_DIR; };
		7561768A1E2DFDC300611A4A /* AppDelegate.swift */ = {isa = PBXFileReference; lastKnownFileType = sourcecode.swift; path = AppDelegate.swift; sourceTree = "<group>"; };
		7561768C1E2DFDC300611A4A /* ViewController.swift */ = {isa = PBXFileReference; lastKnownFileType = sourcecode.swift; path = ViewController.swift; sourceTree = "<group>"; };
		7561768F1E2DFDC300611A4A /* Base */ = {isa = PBXFileReference; lastKnownFileType = file.storyboard; name = Base; path = Base.lproj/Main.storyboard; sourceTree = "<group>"; };
		756176911E2DFDC300611A4A /* Assets.xcassets */ = {isa = PBXFileReference; lastKnownFileType = folder.assetcatalog; path = Assets.xcassets; sourceTree = "<group>"; };
		756176941E2DFDC300611A4A /* Base */ = {isa = PBXFileReference; lastKnownFileType = file.storyboard; name = Base; path = Base.lproj/LaunchScreen.storyboard; sourceTree = "<group>"; };
		756176961E2DFDC300611A4A /* Info.plist */ = {isa = PBXFileReference; lastKnownFileType = text.plist.xml; path = Info.plist; sourceTree = "<group>"; };
		7561769B1E2DFDC400611A4A /* AlertViewControllerSampleTests.xctest */ = {isa = PBXFileReference; explicitFileType = wrapper.cfbundle; includeInIndex = 0; path = AlertViewControllerSampleTests.xctest; sourceTree = BUILT_PRODUCTS_DIR; };
		7561769F1E2DFDC400611A4A /* AlertViewControllerSampleTests.swift */ = {isa = PBXFileReference; lastKnownFileType = sourcecode.swift; path = AlertViewControllerSampleTests.swift; sourceTree = "<group>"; };
		756176A11E2DFDC400611A4A /* Info.plist */ = {isa = PBXFileReference; lastKnownFileType = text.plist.xml; path = Info.plist; sourceTree = "<group>"; };
		756176A61E2DFDC400611A4A /* AlertViewControllerSampleUITests.xctest */ = {isa = PBXFileReference; explicitFileType = wrapper.cfbundle; includeInIndex = 0; path = AlertViewControllerSampleUITests.xctest; sourceTree = BUILT_PRODUCTS_DIR; };
		756176AA1E2DFDC400611A4A /* AlertViewControllerSampleUITests.swift */ = {isa = PBXFileReference; lastKnownFileType = sourcecode.swift; path = AlertViewControllerSampleUITests.swift; sourceTree = "<group>"; };
		756176AC1E2DFDC400611A4A /* Info.plist */ = {isa = PBXFileReference; lastKnownFileType = text.plist.xml; path = Info.plist; sourceTree = "<group>"; };
		756176B81E2E04AB00611A4A /* SourceSansPro-Black.ttf */ = {isa = PBXFileReference; lastKnownFileType = file; path = "SourceSansPro-Black.ttf"; sourceTree = "<group>"; };
		756176B91E2E04AB00611A4A /* SourceSansPro-Bold.ttf */ = {isa = PBXFileReference; lastKnownFileType = file; path = "SourceSansPro-Bold.ttf"; sourceTree = "<group>"; };
		756176BA1E2E04AB00611A4A /* SourceSansPro-ExtraLight.ttf */ = {isa = PBXFileReference; lastKnownFileType = file; path = "SourceSansPro-ExtraLight.ttf"; sourceTree = "<group>"; };
		756176BB1E2E04AB00611A4A /* SourceSansPro-Semibold.ttf */ = {isa = PBXFileReference; lastKnownFileType = file; path = "SourceSansPro-Semibold.ttf"; sourceTree = "<group>"; };
		756176BC1E2E04AB00611A4A /* SourceSansPro-Light.ttf */ = {isa = PBXFileReference; lastKnownFileType = file; path = "SourceSansPro-Light.ttf"; sourceTree = "<group>"; };
		756176BD1E2E04AB00611A4A /* SourceSansPro-Regular.ttf */ = {isa = PBXFileReference; lastKnownFileType = file; path = "SourceSansPro-Regular.ttf"; sourceTree = "<group>"; };
		756176BE1E2E04AB00611A4A /* BNazanin_1.ttf */ = {isa = PBXFileReference; lastKnownFileType = file; path = BNazanin_1.ttf; sourceTree = "<group>"; };
		756176BF1E2E04AB00611A4A /* BNaznnBd_1.ttf */ = {isa = PBXFileReference; lastKnownFileType = file; path = BNaznnBd_1.ttf; sourceTree = "<group>"; };
		756176C01E2E04AB00611A4A /* AdobeArabic-Bold.otf */ = {isa = PBXFileReference; lastKnownFileType = file; path = "AdobeArabic-Bold.otf"; sourceTree = "<group>"; };
		756176C11E2E04AB00611A4A /* AdobeArabic-Regular.otf */ = {isa = PBXFileReference; lastKnownFileType = file; path = "AdobeArabic-Regular.otf"; sourceTree = "<group>"; };
		75B540D4606F4FB8A0AEA7FD /* Pods-AlertViewControllerSample.release.xcconfig */ = {isa = PBXFileReference; includeInIndex = 1; lastKnownFileType = text.xcconfig; name = "Pods-AlertViewControllerSample.release.xcconfig"; path = "Pods/Target Support Files/Pods-AlertViewControllerSample/Pods-AlertViewControllerSample.release.xcconfig"; sourceTree = "<group>"; };
		8132C382A6D09AE84FE19061 /* Pods-AlertViewControllerSampleTests.debug.xcconfig */ = {isa = PBXFileReference; includeInIndex = 1; lastKnownFileType = text.xcconfig; name = "Pods-AlertViewControllerSampleTests.debug.xcconfig"; path = "Pods/Target Support Files/Pods-AlertViewControllerSampleTests/Pods-AlertViewControllerSampleTests.debug.xcconfig"; sourceTree = "<group>"; };
		8323F3F6E3EC197A1EA53F40 /* Pods-AlertViewControllerSampleTests.release.xcconfig */ = {isa = PBXFileReference; includeInIndex = 1; lastKnownFileType = text.xcconfig; name = "Pods-AlertViewControllerSampleTests.release.xcconfig"; path = "Pods/Target Support Files/Pods-AlertViewControllerSampleTests/Pods-AlertViewControllerSampleTests.release.xcconfig"; sourceTree = "<group>"; };
		842747EBA4238E90E53F8F88 /* Pods_AlertViewControllerSampleUITests.framework */ = {isa = PBXFileReference; explicitFileType = wrapper.framework; includeInIndex = 0; path = Pods_AlertViewControllerSampleUITests.framework; sourceTree = BUILT_PRODUCTS_DIR; };
		8601B35FCF9D6730C30BCDA3 /* Pods-AlertViewControllerSampleUITests.debug.xcconfig */ = {isa = PBXFileReference; includeInIndex = 1; lastKnownFileType = text.xcconfig; name = "Pods-AlertViewControllerSampleUITests.debug.xcconfig"; path = "Pods/Target Support Files/Pods-AlertViewControllerSampleUITests/Pods-AlertViewControllerSampleUITests.debug.xcconfig"; sourceTree = "<group>"; };
		8AE7AC8188D473DBF6BF8329 /* Pods-AlertViewControllerSample.debug.xcconfig */ = {isa = PBXFileReference; includeInIndex = 1; lastKnownFileType = text.xcconfig; name = "Pods-AlertViewControllerSample.debug.xcconfig"; path = "Pods/Target Support Files/Pods-AlertViewControllerSample/Pods-AlertViewControllerSample.debug.xcconfig"; sourceTree = "<group>"; };
		C40A2E6BEC1C9E8C2C4AFFE2 /* Pods_AlertViewControllerSampleTests.framework */ = {isa = PBXFileReference; explicitFileType = wrapper.framework; includeInIndex = 0; path = Pods_AlertViewControllerSampleTests.framework; sourceTree = BUILT_PRODUCTS_DIR; };
		F25A5433A8575950D625F9A4 /* Pods_AlertViewControllerSample.framework */ = {isa = PBXFileReference; explicitFileType = wrapper.framework; includeInIndex = 0; path = Pods_AlertViewControllerSample.framework; sourceTree = BUILT_PRODUCTS_DIR; };
/* End PBXFileReference section */

/* Begin PBXFrameworksBuildPhase section */
		756176841E2DFDC300611A4A /* Frameworks */ = {
			isa = PBXFrameworksBuildPhase;
			buildActionMask = 2147483647;
			files = (
				1FD92A6EB3359ADE7772D9EE /* Pods_AlertViewControllerSample.framework in Frameworks */,
			);
			runOnlyForDeploymentPostprocessing = 0;
		};
		756176981E2DFDC400611A4A /* Frameworks */ = {
			isa = PBXFrameworksBuildPhase;
			buildActionMask = 2147483647;
			files = (
				78B7253D55C2716D557FB845 /* Pods_AlertViewControllerSampleTests.framework in Frameworks */,
			);
			runOnlyForDeploymentPostprocessing = 0;
		};
		756176A31E2DFDC400611A4A /* Frameworks */ = {
			isa = PBXFrameworksBuildPhase;
			buildActionMask = 2147483647;
			files = (
				24D14E4804ECEDFF0BEAC766 /* Pods_AlertViewControllerSampleUITests.framework in Frameworks */,
			);
			runOnlyForDeploymentPostprocessing = 0;
		};
/* End PBXFrameworksBuildPhase section */

/* Begin PBXGroup section */
		2FFDCD2C3374FC05E6DE3BAF /* Frameworks */ = {
			isa = PBXGroup;
			children = (
				F25A5433A8575950D625F9A4 /* Pods_AlertViewControllerSample.framework */,
				C40A2E6BEC1C9E8C2C4AFFE2 /* Pods_AlertViewControllerSampleTests.framework */,
				842747EBA4238E90E53F8F88 /* Pods_AlertViewControllerSampleUITests.framework */,
			);
			name = Frameworks;
			sourceTree = "<group>";
		};
		7561767E1E2DFDC300611A4A = {
			isa = PBXGroup;
			children = (
				756176891E2DFDC300611A4A /* AlertViewControllerSample */,
				7561769E1E2DFDC400611A4A /* AlertViewControllerSampleTests */,
				756176A91E2DFDC400611A4A /* AlertViewControllerSampleUITests */,
				756176881E2DFDC300611A4A /* Products */,
				B062DA5605646BC3E6F28446 /* Pods */,
				2FFDCD2C3374FC05E6DE3BAF /* Frameworks */,
			);
			sourceTree = "<group>";
		};
		756176881E2DFDC300611A4A /* Products */ = {
			isa = PBXGroup;
			children = (
				756176871E2DFDC300611A4A /* AlertViewControllerSample.app */,
				7561769B1E2DFDC400611A4A /* AlertViewControllerSampleTests.xctest */,
				756176A61E2DFDC400611A4A /* AlertViewControllerSampleUITests.xctest */,
			);
			name = Products;
			sourceTree = "<group>";
		};
		756176891E2DFDC300611A4A /* AlertViewControllerSample */ = {
			isa = PBXGroup;
			children = (
				756176CD1E2E04BA00611A4A /* Resources */,
				7561768A1E2DFDC300611A4A /* AppDelegate.swift */,
				7561768C1E2DFDC300611A4A /* ViewController.swift */,
				7561768E1E2DFDC300611A4A /* Main.storyboard */,
				756176911E2DFDC300611A4A /* Assets.xcassets */,
				756176931E2DFDC300611A4A /* LaunchScreen.storyboard */,
				756176961E2DFDC300611A4A /* Info.plist */,
			);
			path = AlertViewControllerSample;
			sourceTree = "<group>";
		};
		7561769E1E2DFDC400611A4A /* AlertViewControllerSampleTests */ = {
			isa = PBXGroup;
			children = (
				7561769F1E2DFDC400611A4A /* AlertViewControllerSampleTests.swift */,
				756176A11E2DFDC400611A4A /* Info.plist */,
			);
			path = AlertViewControllerSampleTests;
			sourceTree = "<group>";
		};
		756176A91E2DFDC400611A4A /* AlertViewControllerSampleUITests */ = {
			isa = PBXGroup;
			children = (
				756176AA1E2DFDC400611A4A /* AlertViewControllerSampleUITests.swift */,
				756176AC1E2DFDC400611A4A /* Info.plist */,
			);
			path = AlertViewControllerSampleUITests;
			sourceTree = "<group>";
		};
		756176CD1E2E04BA00611A4A /* Resources */ = {
			isa = PBXGroup;
			children = (
				756176B81E2E04AB00611A4A /* SourceSansPro-Black.ttf */,
				756176B91E2E04AB00611A4A /* SourceSansPro-Bold.ttf */,
				756176BA1E2E04AB00611A4A /* SourceSansPro-ExtraLight.ttf */,
				756176BB1E2E04AB00611A4A /* SourceSansPro-Semibold.ttf */,
				756176BC1E2E04AB00611A4A /* SourceSansPro-Light.ttf */,
				756176BD1E2E04AB00611A4A /* SourceSansPro-Regular.ttf */,
				756176BE1E2E04AB00611A4A /* BNazanin_1.ttf */,
				756176BF1E2E04AB00611A4A /* BNaznnBd_1.ttf */,
				756176C01E2E04AB00611A4A /* AdobeArabic-Bold.otf */,
				756176C11E2E04AB00611A4A /* AdobeArabic-Regular.otf */,
			);
			name = Resources;
			sourceTree = "<group>";
		};
		B062DA5605646BC3E6F28446 /* Pods */ = {
			isa = PBXGroup;
			children = (
				8AE7AC8188D473DBF6BF8329 /* Pods-AlertViewControllerSample.debug.xcconfig */,
				75B540D4606F4FB8A0AEA7FD /* Pods-AlertViewControllerSample.release.xcconfig */,
				8132C382A6D09AE84FE19061 /* Pods-AlertViewControllerSampleTests.debug.xcconfig */,
				8323F3F6E3EC197A1EA53F40 /* Pods-AlertViewControllerSampleTests.release.xcconfig */,
				8601B35FCF9D6730C30BCDA3 /* Pods-AlertViewControllerSampleUITests.debug.xcconfig */,
				205676ECEC3F932E4D64D81F /* Pods-AlertViewControllerSampleUITests.release.xcconfig */,
			);
			name = Pods;
			sourceTree = "<group>";
		};
/* End PBXGroup section */

/* Begin PBXNativeTarget section */
		756176861E2DFDC300611A4A /* AlertViewControllerSample */ = {
			isa = PBXNativeTarget;
			buildConfigurationList = 756176AF1E2DFDC400611A4A /* Build configuration list for PBXNativeTarget "AlertViewControllerSample" */;
			buildPhases = (
				DCB75362BF03FBEE2EFCE4E1 /* [CP] Check Pods Manifest.lock */,
				756176831E2DFDC300611A4A /* Sources */,
				756176841E2DFDC300611A4A /* Frameworks */,
				756176851E2DFDC300611A4A /* Resources */,
				59D9DE1F74E64F821B30B169 /* [CP] Embed Pods Frameworks */,
				7DDFCF8836FF5CA16E6E1EC8 /* [CP] Copy Pods Resources */,
			);
			buildRules = (
			);
			dependencies = (
			);
			name = AlertViewControllerSample;
			productName = AlertViewControllerSample;
			productReference = 756176871E2DFDC300611A4A /* AlertViewControllerSample.app */;
			productType = "com.apple.product-type.application";
		};
		7561769A1E2DFDC400611A4A /* AlertViewControllerSampleTests */ = {
			isa = PBXNativeTarget;
			buildConfigurationList = 756176B21E2DFDC400611A4A /* Build configuration list for PBXNativeTarget "AlertViewControllerSampleTests" */;
			buildPhases = (
				39CAF9BDC049723ED5FF4074 /* [CP] Check Pods Manifest.lock */,
				756176971E2DFDC400611A4A /* Sources */,
				756176981E2DFDC400611A4A /* Frameworks */,
				756176991E2DFDC400611A4A /* Resources */,
				0C8AE2CD3C3CE016ECE04EE6 /* [CP] Embed Pods Frameworks */,
				F2E651A8BA15655B70A862CF /* [CP] Copy Pods Resources */,
			);
			buildRules = (
			);
			dependencies = (
				7561769D1E2DFDC400611A4A /* PBXTargetDependency */,
			);
			name = AlertViewControllerSampleTests;
			productName = AlertViewControllerSampleTests;
			productReference = 7561769B1E2DFDC400611A4A /* AlertViewControllerSampleTests.xctest */;
			productType = "com.apple.product-type.bundle.unit-test";
		};
		756176A51E2DFDC400611A4A /* AlertViewControllerSampleUITests */ = {
			isa = PBXNativeTarget;
			buildConfigurationList = 756176B51E2DFDC400611A4A /* Build configuration list for PBXNativeTarget "AlertViewControllerSampleUITests" */;
			buildPhases = (
				A0FE4831B9BC2AA51D18583C /* [CP] Check Pods Manifest.lock */,
				756176A21E2DFDC400611A4A /* Sources */,
				756176A31E2DFDC400611A4A /* Frameworks */,
				756176A41E2DFDC400611A4A /* Resources */,
				D9FC68833C57E3946AF0A4D8 /* [CP] Embed Pods Frameworks */,
				A6C2C83D011FA875AF1F9098 /* [CP] Copy Pods Resources */,
			);
			buildRules = (
			);
			dependencies = (
				756176A81E2DFDC400611A4A /* PBXTargetDependency */,
			);
			name = AlertViewControllerSampleUITests;
			productName = AlertViewControllerSampleUITests;
			productReference = 756176A61E2DFDC400611A4A /* AlertViewControllerSampleUITests.xctest */;
			productType = "com.apple.product-type.bundle.ui-testing";
		};
/* End PBXNativeTarget section */

/* Begin PBXProject section */
		7561767F1E2DFDC300611A4A /* Project object */ = {
			isa = PBXProject;
			attributes = {
				LastSwiftUpdateCheck = 0820;
				LastUpgradeCheck = 0820;
				ORGANIZATIONNAME = ParsPay;
				TargetAttributes = {
					756176861E2DFDC300611A4A = {
						CreatedOnToolsVersion = 8.2;
						DevelopmentTeam = F53V3ZJV96;
						ProvisioningStyle = Automatic;
					};
					7561769A1E2DFDC400611A4A = {
						CreatedOnToolsVersion = 8.2;
						DevelopmentTeam = F53V3ZJV96;
						ProvisioningStyle = Automatic;
						TestTargetID = 756176861E2DFDC300611A4A;
					};
					756176A51E2DFDC400611A4A = {
						CreatedOnToolsVersion = 8.2;
						DevelopmentTeam = F53V3ZJV96;
						ProvisioningStyle = Automatic;
						TestTargetID = 756176861E2DFDC300611A4A;
					};
				};
			};
			buildConfigurationList = 756176821E2DFDC300611A4A /* Build configuration list for PBXProject "AlertViewControllerSample" */;
			compatibilityVersion = "Xcode 3.2";
			developmentRegion = English;
			hasScannedForEncodings = 0;
			knownRegions = (
				en,
				Base,
			);
			mainGroup = 7561767E1E2DFDC300611A4A;
			productRefGroup = 756176881E2DFDC300611A4A /* Products */;
			projectDirPath = "";
			projectRoot = "";
			targets = (
				756176861E2DFDC300611A4A /* AlertViewControllerSample */,
				7561769A1E2DFDC400611A4A /* AlertViewControllerSampleTests */,
				756176A51E2DFDC400611A4A /* AlertViewControllerSampleUITests */,
			);
		};
/* End PBXProject section */

/* Begin PBXResourcesBuildPhase section */
		756176851E2DFDC300611A4A /* Resources */ = {
			isa = PBXResourcesBuildPhase;
			buildActionMask = 2147483647;
			files = (
				756176C91E2E04AB00611A4A /* BNaznnBd_1.ttf in Resources */,
				756176C41E2E04AB00611A4A /* SourceSansPro-ExtraLight.ttf in Resources */,
				756176C21E2E04AB00611A4A /* SourceSansPro-Black.ttf in Resources */,
				756176C51E2E04AB00611A4A /* SourceSansPro-Semibold.ttf in Resources */,
				756176C81E2E04AB00611A4A /* BNazanin_1.ttf in Resources */,
				756176951E2DFDC300611A4A /* LaunchScreen.storyboard in Resources */,
				756176CA1E2E04AB00611A4A /* AdobeArabic-Bold.otf in Resources */,
				756176C31E2E04AB00611A4A /* SourceSansPro-Bold.ttf in Resources */,
				756176921E2DFDC300611A4A /* Assets.xcassets in Resources */,
				756176901E2DFDC300611A4A /* Main.storyboard in Resources */,
				756176C61E2E04AB00611A4A /* SourceSansPro-Light.ttf in Resources */,
				756176CB1E2E04AB00611A4A /* AdobeArabic-Regular.otf in Resources */,
				756176C71E2E04AB00611A4A /* SourceSansPro-Regular.ttf in Resources */,
			);
			runOnlyForDeploymentPostprocessing = 0;
		};
		756176991E2DFDC400611A4A /* Resources */ = {
			isa = PBXResourcesBuildPhase;
			buildActionMask = 2147483647;
			files = (
			);
			runOnlyForDeploymentPostprocessing = 0;
		};
		756176A41E2DFDC400611A4A /* Resources */ = {
			isa = PBXResourcesBuildPhase;
			buildActionMask = 2147483647;
			files = (
			);
			runOnlyForDeploymentPostprocessing = 0;
		};
/* End PBXResourcesBuildPhase section */

/* Begin PBXShellScriptBuildPhase section */
		0C8AE2CD3C3CE016ECE04EE6 /* [CP] Embed Pods Frameworks */ = {
			isa = PBXShellScriptBuildPhase;
			buildActionMask = 2147483647;
			files = (
			);
			inputPaths = (
			);
			name = "[CP] Embed Pods Frameworks";
			outputPaths = (
			);
			runOnlyForDeploymentPostprocessing = 0;
			shellPath = /bin/sh;
			shellScript = "\"${SRCROOT}/Pods/Target Support Files/Pods-AlertViewControllerSampleTests/Pods-AlertViewControllerSampleTests-frameworks.sh\"\n";
			showEnvVarsInLog = 0;
		};
		39CAF9BDC049723ED5FF4074 /* [CP] Check Pods Manifest.lock */ = {
			isa = PBXShellScriptBuildPhase;
			buildActionMask = 2147483647;
			files = (
			);
			inputPaths = (
			);
			name = "[CP] Check Pods Manifest.lock";
			outputPaths = (
			);
			runOnlyForDeploymentPostprocessing = 0;
			shellPath = /bin/sh;
			shellScript = "diff \"${PODS_ROOT}/../Podfile.lock\" \"${PODS_ROOT}/Manifest.lock\" > /dev/null\nif [ $? != 0 ] ; then\n    # print error to STDERR\n    echo \"error: The sandbox is not in sync with the Podfile.lock. Run 'pod install' or update your CocoaPods installation.\" >&2\n    exit 1\nfi\n";
			showEnvVarsInLog = 0;
		};
		59D9DE1F74E64F821B30B169 /* [CP] Embed Pods Frameworks */ = {
			isa = PBXShellScriptBuildPhase;
			buildActionMask = 2147483647;
			files = (
			);
			inputPaths = (
			);
			name = "[CP] Embed Pods Frameworks";
			outputPaths = (
			);
			runOnlyForDeploymentPostprocessing = 0;
			shellPath = /bin/sh;
			shellScript = "\"${SRCROOT}/Pods/Target Support Files/Pods-AlertViewControllerSample/Pods-AlertViewControllerSample-frameworks.sh\"\n";
			showEnvVarsInLog = 0;
		};
		7DDFCF8836FF5CA16E6E1EC8 /* [CP] Copy Pods Resources */ = {
			isa = PBXShellScriptBuildPhase;
			buildActionMask = 2147483647;
			files = (
			);
			inputPaths = (
			);
			name = "[CP] Copy Pods Resources";
			outputPaths = (
			);
			runOnlyForDeploymentPostprocessing = 0;
			shellPath = /bin/sh;
			shellScript = "\"${SRCROOT}/Pods/Target Support Files/Pods-AlertViewControllerSample/Pods-AlertViewControllerSample-resources.sh\"\n";
			showEnvVarsInLog = 0;
		};
		A0FE4831B9BC2AA51D18583C /* [CP] Check Pods Manifest.lock */ = {
			isa = PBXShellScriptBuildPhase;
			buildActionMask = 2147483647;
			files = (
			);
			inputPaths = (
			);
			name = "[CP] Check Pods Manifest.lock";
			outputPaths = (
			);
			runOnlyForDeploymentPostprocessing = 0;
			shellPath = /bin/sh;
			shellScript = "diff \"${PODS_ROOT}/../Podfile.lock\" \"${PODS_ROOT}/Manifest.lock\" > /dev/null\nif [ $? != 0 ] ; then\n    # print error to STDERR\n    echo \"error: The sandbox is not in sync with the Podfile.lock. Run 'pod install' or update your CocoaPods installation.\" >&2\n    exit 1\nfi\n";
			showEnvVarsInLog = 0;
		};
		A6C2C83D011FA875AF1F9098 /* [CP] Copy Pods Resources */ = {
			isa = PBXShellScriptBuildPhase;
			buildActionMask = 2147483647;
			files = (
			);
			inputPaths = (
			);
			name = "[CP] Copy Pods Resources";
			outputPaths = (
			);
			runOnlyForDeploymentPostprocessing = 0;
			shellPath = /bin/sh;
			shellScript = "\"${SRCROOT}/Pods/Target Support Files/Pods-AlertViewControllerSampleUITests/Pods-AlertViewControllerSampleUITests-resources.sh\"\n";
			showEnvVarsInLog = 0;
		};
		D9FC68833C57E3946AF0A4D8 /* [CP] Embed Pods Frameworks */ = {
			isa = PBXShellScriptBuildPhase;
			buildActionMask = 2147483647;
			files = (
			);
			inputPaths = (
			);
			name = "[CP] Embed Pods Frameworks";
			outputPaths = (
			);
			runOnlyForDeploymentPostprocessing = 0;
			shellPath = /bin/sh;
			shellScript = "\"${SRCROOT}/Pods/Target Support Files/Pods-AlertViewControllerSampleUITests/Pods-AlertViewControllerSampleUITests-frameworks.sh\"\n";
			showEnvVarsInLog = 0;
		};
		DCB75362BF03FBEE2EFCE4E1 /* [CP] Check Pods Manifest.lock */ = {
			isa = PBXShellScriptBuildPhase;
			buildActionMask = 2147483647;
			files = (
			);
			inputPaths = (
			);
			name = "[CP] Check Pods Manifest.lock";
			outputPaths = (
			);
			runOnlyForDeploymentPostprocessing = 0;
			shellPath = /bin/sh;
			shellScript = "diff \"${PODS_ROOT}/../Podfile.lock\" \"${PODS_ROOT}/Manifest.lock\" > /dev/null\nif [ $? != 0 ] ; then\n    # print error to STDERR\n    echo \"error: The sandbox is not in sync with the Podfile.lock. Run 'pod install' or update your CocoaPods installation.\" >&2\n    exit 1\nfi\n";
			showEnvVarsInLog = 0;
		};
		F2E651A8BA15655B70A862CF /* [CP] Copy Pods Resources */ = {
			isa = PBXShellScriptBuildPhase;
			buildActionMask = 2147483647;
			files = (
			);
			inputPaths = (
			);
			name = "[CP] Copy Pods Resources";
			outputPaths = (
			);
			runOnlyForDeploymentPostprocessing = 0;
			shellPath = /bin/sh;
			shellScript = "\"${SRCROOT}/Pods/Target Support Files/Pods-AlertViewControllerSampleTests/Pods-AlertViewControllerSampleTests-resources.sh\"\n";
			showEnvVarsInLog = 0;
		};
/* End PBXShellScriptBuildPhase section */

/* Begin PBXSourcesBuildPhase section */
		756176831E2DFDC300611A4A /* Sources */ = {
			isa = PBXSourcesBuildPhase;
			buildActionMask = 2147483647;
			files = (
				7561768D1E2DFDC300611A4A /* ViewController.swift in Sources */,
				7561768B1E2DFDC300611A4A /* AppDelegate.swift in Sources */,
			);
			runOnlyForDeploymentPostprocessing = 0;
		};
		756176971E2DFDC400611A4A /* Sources */ = {
			isa = PBXSourcesBuildPhase;
			buildActionMask = 2147483647;
			files = (
				756176A01E2DFDC400611A4A /* AlertViewControllerSampleTests.swift in Sources */,
			);
			runOnlyForDeploymentPostprocessing = 0;
		};
		756176A21E2DFDC400611A4A /* Sources */ = {
			isa = PBXSourcesBuildPhase;
			buildActionMask = 2147483647;
			files = (
				756176AB1E2DFDC400611A4A /* AlertViewControllerSampleUITests.swift in Sources */,
			);
			runOnlyForDeploymentPostprocessing = 0;
		};
/* End PBXSourcesBuildPhase section */

/* Begin PBXTargetDependency section */
		7561769D1E2DFDC400611A4A /* PBXTargetDependency */ = {
			isa = PBXTargetDependency;
			target = 756176861E2DFDC300611A4A /* AlertViewControllerSample */;
			targetProxy = 7561769C1E2DFDC400611A4A /* PBXContainerItemProxy */;
		};
		756176A81E2DFDC400611A4A /* PBXTargetDependency */ = {
			isa = PBXTargetDependency;
			target = 756176861E2DFDC300611A4A /* AlertViewControllerSample */;
			targetProxy = 756176A71E2DFDC400611A4A /* PBXContainerItemProxy */;
		};
/* End PBXTargetDependency section */

/* Begin PBXVariantGroup section */
		7561768E1E2DFDC300611A4A /* Main.storyboard */ = {
			isa = PBXVariantGroup;
			children = (
				7561768F1E2DFDC300611A4A /* Base */,
			);
			name = Main.storyboard;
			sourceTree = "<group>";
		};
		756176931E2DFDC300611A4A /* LaunchScreen.storyboard */ = {
			isa = PBXVariantGroup;
			children = (
				756176941E2DFDC300611A4A /* Base */,
			);
			name = LaunchScreen.storyboard;
			sourceTree = "<group>";
		};
/* End PBXVariantGroup section */

/* Begin XCBuildConfiguration section */
		756176AD1E2DFDC400611A4A /* Debug */ = {
			isa = XCBuildConfiguration;
			buildSettings = {
				ALWAYS_SEARCH_USER_PATHS = NO;
				CLANG_ANALYZER_NONNULL = YES;
				CLANG_CXX_LANGUAGE_STANDARD = "gnu++0x";
				CLANG_CXX_LIBRARY = "libc++";
				CLANG_ENABLE_MODULES = YES;
				CLANG_ENABLE_OBJC_ARC = YES;
				CLANG_WARN_BOOL_CONVERSION = YES;
				CLANG_WARN_CONSTANT_CONVERSION = YES;
				CLANG_WARN_DIRECT_OBJC_ISA_USAGE = YES_ERROR;
				CLANG_WARN_DOCUMENTATION_COMMENTS = YES;
				CLANG_WARN_EMPTY_BODY = YES;
				CLANG_WARN_ENUM_CONVERSION = YES;
				CLANG_WARN_INFINITE_RECURSION = YES;
				CLANG_WARN_INT_CONVERSION = YES;
				CLANG_WARN_OBJC_ROOT_CLASS = YES_ERROR;
				CLANG_WARN_SUSPICIOUS_MOVE = YES;
				CLANG_WARN_UNREACHABLE_CODE = YES;
				CLANG_WARN__DUPLICATE_METHOD_MATCH = YES;
				"CODE_SIGN_IDENTITY[sdk=iphoneos*]" = "iPhone Developer";
				COPY_PHASE_STRIP = NO;
				DEBUG_INFORMATION_FORMAT = dwarf;
				ENABLE_STRICT_OBJC_MSGSEND = YES;
				ENABLE_TESTABILITY = YES;
				GCC_C_LANGUAGE_STANDARD = gnu99;
				GCC_DYNAMIC_NO_PIC = NO;
				GCC_NO_COMMON_BLOCKS = YES;
				GCC_OPTIMIZATION_LEVEL = 0;
				GCC_PREPROCESSOR_DEFINITIONS = (
					"DEBUG=1",
					"$(inherited)",
				);
				GCC_WARN_64_TO_32_BIT_CONVERSION = YES;
				GCC_WARN_ABOUT_RETURN_TYPE = YES_ERROR;
				GCC_WARN_UNDECLARED_SELECTOR = YES;
				GCC_WARN_UNINITIALIZED_AUTOS = YES_AGGRESSIVE;
				GCC_WARN_UNUSED_FUNCTION = YES;
				GCC_WARN_UNUSED_VARIABLE = YES;
				IPHONEOS_DEPLOYMENT_TARGET = 10.2;
				MTL_ENABLE_DEBUG_INFO = YES;
				ONLY_ACTIVE_ARCH = YES;
				SDKROOT = iphoneos;
				SWIFT_ACTIVE_COMPILATION_CONDITIONS = DEBUG;
				SWIFT_OPTIMIZATION_LEVEL = "-Onone";
			};
			name = Debug;
		};
		756176AE1E2DFDC400611A4A /* Release */ = {
			isa = XCBuildConfiguration;
			buildSettings = {
				ALWAYS_SEARCH_USER_PATHS = NO;
				CLANG_ANALYZER_NONNULL = YES;
				CLANG_CXX_LANGUAGE_STANDARD = "gnu++0x";
				CLANG_CXX_LIBRARY = "libc++";
				CLANG_ENABLE_MODULES = YES;
				CLANG_ENABLE_OBJC_ARC = YES;
				CLANG_WARN_BOOL_CONVERSION = YES;
				CLANG_WARN_CONSTANT_CONVERSION = YES;
				CLANG_WARN_DIRECT_OBJC_ISA_USAGE = YES_ERROR;
				CLANG_WARN_DOCUMENTATION_COMMENTS = YES;
				CLANG_WARN_EMPTY_BODY = YES;
				CLANG_WARN_ENUM_CONVERSION = YES;
				CLANG_WARN_INFINITE_RECURSION = YES;
				CLANG_WARN_INT_CONVERSION = YES;
				CLANG_WARN_OBJC_ROOT_CLASS = YES_ERROR;
				CLANG_WARN_SUSPICIOUS_MOVE = YES;
				CLANG_WARN_UNREACHABLE_CODE = YES;
				CLANG_WARN__DUPLICATE_METHOD_MATCH = YES;
				"CODE_SIGN_IDENTITY[sdk=iphoneos*]" = "iPhone Developer";
				COPY_PHASE_STRIP = NO;
				DEBUG_INFORMATION_FORMAT = "dwarf-with-dsym";
				ENABLE_NS_ASSERTIONS = NO;
				ENABLE_STRICT_OBJC_MSGSEND = YES;
				GCC_C_LANGUAGE_STANDARD = gnu99;
				GCC_NO_COMMON_BLOCKS = YES;
				GCC_WARN_64_TO_32_BIT_CONVERSION = YES;
				GCC_WARN_ABOUT_RETURN_TYPE = YES_ERROR;
				GCC_WARN_UNDECLARED_SELECTOR = YES;
				GCC_WARN_UNINITIALIZED_AUTOS = YES_AGGRESSIVE;
				GCC_WARN_UNUSED_FUNCTION = YES;
				GCC_WARN_UNUSED_VARIABLE = YES;
				IPHONEOS_DEPLOYMENT_TARGET = 10.2;
				MTL_ENABLE_DEBUG_INFO = NO;
				SDKROOT = iphoneos;
				SWIFT_OPTIMIZATION_LEVEL = "-Owholemodule";
				VALIDATE_PRODUCT = YES;
			};
			name = Release;
		};
		756176B01E2DFDC400611A4A /* Debug */ = {
			isa = XCBuildConfiguration;
			baseConfigurationReference = 8AE7AC8188D473DBF6BF8329 /* Pods-AlertViewControllerSample.debug.xcconfig */;
			buildSettings = {
				ASSETCATALOG_COMPILER_APPICON_NAME = AppIcon;
				DEVELOPMENT_TEAM = F53V3ZJV96;
				INFOPLIST_FILE = AlertViewControllerSample/Info.plist;
				IPHONEOS_DEPLOYMENT_TARGET = 10.0;
				LD_RUNPATH_SEARCH_PATHS = "$(inherited) @executable_path/Frameworks";
				PRODUCT_BUNDLE_IDENTIFIER = ParsPay.AlertViewControllerSample;
				PRODUCT_NAME = "$(TARGET_NAME)";
				SWIFT_VERSION = 3.0;
			};
			name = Debug;
		};
		756176B11E2DFDC400611A4A /* Release */ = {
			isa = XCBuildConfiguration;
			baseConfigurationReference = 75B540D4606F4FB8A0AEA7FD /* Pods-AlertViewControllerSample.release.xcconfig */;
			buildSettings = {
				ASSETCATALOG_COMPILER_APPICON_NAME = AppIcon;
				DEVELOPMENT_TEAM = F53V3ZJV96;
				INFOPLIST_FILE = AlertViewControllerSample/Info.plist;
				IPHONEOS_DEPLOYMENT_TARGET = 10.0;
				LD_RUNPATH_SEARCH_PATHS = "$(inherited) @executable_path/Frameworks";
				PRODUCT_BUNDLE_IDENTIFIER = ParsPay.AlertViewControllerSample;
				PRODUCT_NAME = "$(TARGET_NAME)";
				SWIFT_VERSION = 3.0;
			};
			name = Release;
		};
		756176B31E2DFDC400611A4A /* Debug */ = {
			isa = XCBuildConfiguration;
			baseConfigurationReference = 8132C382A6D09AE84FE19061 /* Pods-AlertViewControllerSampleTests.debug.xcconfig */;
			buildSettings = {
				ALWAYS_EMBED_SWIFT_STANDARD_LIBRARIES = YES;
				BUNDLE_LOADER = "$(TEST_HOST)";
				DEVELOPMENT_TEAM = F53V3ZJV96;
				INFOPLIST_FILE = AlertViewControllerSampleTests/Info.plist;
				LD_RUNPATH_SEARCH_PATHS = "$(inherited) @executable_path/Frameworks @loader_path/Frameworks";
				PRODUCT_BUNDLE_IDENTIFIER = ParsPay.AlertViewControllerSampleTests;
				PRODUCT_NAME = "$(TARGET_NAME)";
				SWIFT_VERSION = 3.0;
				TEST_HOST = "$(BUILT_PRODUCTS_DIR)/AlertViewControllerSample.app/AlertViewControllerSample";
			};
			name = Debug;
		};
		756176B41E2DFDC400611A4A /* Release */ = {
			isa = XCBuildConfiguration;
			baseConfigurationReference = 8323F3F6E3EC197A1EA53F40 /* Pods-AlertViewControllerSampleTests.release.xcconfig */;
			buildSettings = {
				ALWAYS_EMBED_SWIFT_STANDARD_LIBRARIES = YES;
				BUNDLE_LOADER = "$(TEST_HOST)";
				DEVELOPMENT_TEAM = F53V3ZJV96;
				INFOPLIST_FILE = AlertViewControllerSampleTests/Info.plist;
				LD_RUNPATH_SEARCH_PATHS = "$(inherited) @executable_path/Frameworks @loader_path/Frameworks";
				PRODUCT_BUNDLE_IDENTIFIER = ParsPay.AlertViewControllerSampleTests;
				PRODUCT_NAME = "$(TARGET_NAME)";
				SWIFT_VERSION = 3.0;
				TEST_HOST = "$(BUILT_PRODUCTS_DIR)/AlertViewControllerSample.app/AlertViewControllerSample";
			};
			name = Release;
		};
		756176B61E2DFDC400611A4A /* Debug */ = {
			isa = XCBuildConfiguration;
			baseConfigurationReference = 8601B35FCF9D6730C30BCDA3 /* Pods-AlertViewControllerSampleUITests.debug.xcconfig */;
			buildSettings = {
				ALWAYS_EMBED_SWIFT_STANDARD_LIBRARIES = YES;
				DEVELOPMENT_TEAM = F53V3ZJV96;
				INFOPLIST_FILE = AlertViewControllerSampleUITests/Info.plist;
				LD_RUNPATH_SEARCH_PATHS = "$(inherited) @executable_path/Frameworks @loader_path/Frameworks";
				PRODUCT_BUNDLE_IDENTIFIER = ParsPay.AlertViewControllerSampleUITests;
				PRODUCT_NAME = "$(TARGET_NAME)";
				SWIFT_VERSION = 3.0;
				TEST_TARGET_NAME = AlertViewControllerSample;
			};
			name = Debug;
		};
		756176B71E2DFDC400611A4A /* Release */ = {
			isa = XCBuildConfiguration;
			baseConfigurationReference = 205676ECEC3F932E4D64D81F /* Pods-AlertViewControllerSampleUITests.release.xcconfig */;
			buildSettings = {
				ALWAYS_EMBED_SWIFT_STANDARD_LIBRARIES = YES;
				DEVELOPMENT_TEAM = F53V3ZJV96;
				INFOPLIST_FILE = AlertViewControllerSampleUITests/Info.plist;
				LD_RUNPATH_SEARCH_PATHS = "$(inherited) @executable_path/Frameworks @loader_path/Frameworks";
				PRODUCT_BUNDLE_IDENTIFIER = ParsPay.AlertViewControllerSampleUITests;
				PRODUCT_NAME = "$(TARGET_NAME)";
				SWIFT_VERSION = 3.0;
				TEST_TARGET_NAME = AlertViewControllerSample;
			};
			name = Release;
		};
/* End XCBuildConfiguration section */

/* Begin XCConfigurationList section */
		756176821E2DFDC300611A4A /* Build configuration list for PBXProject "AlertViewControllerSample" */ = {
			isa = XCConfigurationList;
			buildConfigurations = (
				756176AD1E2DFDC400611A4A /* Debug */,
				756176AE1E2DFDC400611A4A /* Release */,
			);
			defaultConfigurationIsVisible = 0;
			defaultConfigurationName = Release;
		};
		756176AF1E2DFDC400611A4A /* Build configuration list for PBXNativeTarget "AlertViewControllerSample" */ = {
			isa = XCConfigurationList;
			buildConfigurations = (
				756176B01E2DFDC400611A4A /* Debug */,
				756176B11E2DFDC400611A4A /* Release */,
			);
			defaultConfigurationIsVisible = 0;
			defaultConfigurationName = Release;
		};
		756176B21E2DFDC400611A4A /* Build configuration list for PBXNativeTarget "AlertViewControllerSampleTests" */ = {
			isa = XCConfigurationList;
			buildConfigurations = (
				756176B31E2DFDC400611A4A /* Debug */,
				756176B41E2DFDC400611A4A /* Release */,
			);
			defaultConfigurationIsVisible = 0;
			defaultConfigurationName = Release;
		};
		756176B51E2DFDC400611A4A /* Build configuration list for PBXNativeTarget "AlertViewControllerSampleUITests" */ = {
			isa = XCConfigurationList;
			buildConfigurations = (
				756176B61E2DFDC400611A4A /* Debug */,
				756176B71E2DFDC400611A4A /* Release */,
			);
			defaultConfigurationIsVisible = 0;
			defaultConfigurationName = Release;
		};
/* End XCConfigurationList section */
	};
	rootObject = 7561767F1E2DFDC300611A4A /* Project object */;
}
